
Microsoft Visual Studio Solution File, Format Version 12.00
# Visual Studio 14
VisualStudioVersion = 14.0.23107.0
MinimumVisualStudioVersion = 10.0.40219.1
Project("{FAE04EC0-301F-11D3-BF4B-00C04F79EFBC}") = "TP10LesInterfacesSport", "TP10LesInterfacesSport\TP10LesInterfacesSport.csproj", "{5B2F3D11-A392-47D1-993E-460E763C4076}"
EndProject
Global
	GlobalSection(SolutionConfigurationPlatforms) = preSolution
		Debug|Any CPU = Debug|Any CPU
		Release|Any CPU = Release|Any CPU
	EndGlobalSection
	GlobalSection(ProjectConfigurationPlatforms) = postSolution
		{5B2F3D11-A392-47D1-993E-460E763C4076}.Debug|Any CPU.ActiveCfg = Debug|Any CPU
		{5B2F3D11-A392-47D1-993E-460E763C4076}.Debug|Any CPU.Build.0 = Debug|Any CPU
		{5B2F3D11-A392-47D1-993E-460E763C4076}.Release|Any CPU.ActiveCfg = Release|Any CPU
		{5B2F3D11-A392-47D1-993E-460E763C4076}.Release|Any CPU.Build.0 = Release|Any CPU
	EndGlobalSection
	GlobalSection(SolutionProperties) = preSolution
		HideSolutionNode = FALSE
	EndGlobalSection
EndGlobal
